
Microsoft Visual Studio Solution File, Format Version 12.00
# Visual Studio 15
VisualStudioVersion = 15.0.28010.2019
MinimumVisualStudioVersion = 10.0.40219.1
Project("{FAE04EC0-301F-11D3-BF4B-00C04F79EFBC}") = "ProjAgil", "ProjAgil\ProjAgil.csproj", "{BFC3296B-31BD-4072-94E5-CDDFBC8DE092}"
EndProject
Project("{FAE04EC0-301F-11D3-BF4B-00C04F79EFBC}") = "ServicoHostWCF", "ServicoHostWCF\ServicoHostWCF.csproj", "{C448E7F4-E58A-4AF3-AB0E-477145CF8BFE}"
EndProject
Project("{FAE04EC0-301F-11D3-BF4B-00C04F79EFBC}") = "Entidades", "Entidades\Entidades.csproj", "{845C9916-FA53-4B8C-980E-4F4BB2A1762E}"
EndProject
Project("{FAE04EC0-301F-11D3-BF4B-00C04F79EFBC}") = "AcessoDados", "AcessoDados\AcessoDados.csproj", "{17FF992D-0F6C-434C-8E58-4D3CB975D4E7}"
EndProject
Project("{FAE04EC0-301F-11D3-BF4B-00C04F79EFBC}") = "Negocio", "Negocio\Negocio.csproj", "{0EB77024-00F1-448E-953A-3C6010A63E69}"
EndProject
Global
	GlobalSection(SolutionConfigurationPlatforms) = preSolution
		Debug|Any CPU = Debug|Any CPU
		Release|Any CPU = Release|Any CPU
	EndGlobalSection
	GlobalSection(ProjectConfigurationPlatforms) = postSolution
		{BFC3296B-31BD-4072-94E5-CDDFBC8DE092}.Debug|Any CPU.ActiveCfg = Debug|Any CPU
		{BFC3296B-31BD-4072-94E5-CDDFBC8DE092}.Debug|Any CPU.Build.0 = Debug|Any CPU
		{BFC3296B-31BD-4072-94E5-CDDFBC8DE092}.Release|Any CPU.ActiveCfg = Release|Any CPU
		{BFC3296B-31BD-4072-94E5-CDDFBC8DE092}.Release|Any CPU.Build.0 = Release|Any CPU
		{C448E7F4-E58A-4AF3-AB0E-477145CF8BFE}.Debug|Any CPU.ActiveCfg = Debug|Any CPU
		{C448E7F4-E58A-4AF3-AB0E-477145CF8BFE}.Debug|Any CPU.Build.0 = Debug|Any CPU
		{C448E7F4-E58A-4AF3-AB0E-477145CF8BFE}.Release|Any CPU.ActiveCfg = Release|Any CPU
		{C448E7F4-E58A-4AF3-AB0E-477145CF8BFE}.Release|Any CPU.Build.0 = Release|Any CPU
		{845C9916-FA53-4B8C-980E-4F4BB2A1762E}.Debug|Any CPU.ActiveCfg = Debug|Any CPU
		{845C9916-FA53-4B8C-980E-4F4BB2A1762E}.Debug|Any CPU.Build.0 = Debug|Any CPU
		{845C9916-FA53-4B8C-980E-4F4BB2A1762E}.Release|Any CPU.ActiveCfg = Release|Any CPU
		{845C9916-FA53-4B8C-980E-4F4BB2A1762E}.Release|Any CPU.Build.0 = Release|Any CPU
		{17FF992D-0F6C-434C-8E58-4D3CB975D4E7}.Debug|Any CPU.ActiveCfg = Debug|Any CPU
		{17FF992D-0F6C-434C-8E58-4D3CB975D4E7}.Debug|Any CPU.Build.0 = Debug|Any CPU
		{17FF992D-0F6C-434C-8E58-4D3CB975D4E7}.Release|Any CPU.ActiveCfg = Release|Any CPU
		{17FF992D-0F6C-434C-8E58-4D3CB975D4E7}.Release|Any CPU.Build.0 = Release|Any CPU
		{0EB77024-00F1-448E-953A-3C6010A63E69}.Debug|Any CPU.ActiveCfg = Debug|Any CPU
		{0EB77024-00F1-448E-953A-3C6010A63E69}.Debug|Any CPU.Build.0 = Debug|Any CPU
		{0EB77024-00F1-448E-953A-3C6010A63E69}.Release|Any CPU.ActiveCfg = Release|Any CPU
		{0EB77024-00F1-448E-953A-3C6010A63E69}.Release|Any CPU.Build.0 = Release|Any CPU
	EndGlobalSection
	GlobalSection(SolutionProperties) = preSolution
		HideSolutionNode = FALSE
	EndGlobalSection
	GlobalSection(ExtensibilityGlobals) = postSolution
		SolutionGuid = {0F3F35E4-80D5-407F-B00F-CF25EFDD7F2B}
	EndGlobalSection
EndGlobal
